
Microsoft Visual Studio Solution File, Format Version 12.00
# Visual Studio 15
VisualStudioVersion = 15.0.28307.1684
MinimumVisualStudioVersion = 10.0.40219.1
Project("{FAE04EC0-301F-11D3-BF4B-00C04F79EFBC}") = "bankamatikOto", "bankamatikOto\bankamatikOto.csproj", "{D5C576CB-EC8F-4218-A263-F875C334A4D0}"
EndProject
Global
	GlobalSection(SolutionConfigurationPlatforms) = preSolution
		Debug|Any CPU = Debug|Any CPU
		Release|Any CPU = Release|Any CPU
	EndGlobalSection
	GlobalSection(ProjectConfigurationPlatforms) = postSolution
		{D5C576CB-EC8F-4218-A263-F875C334A4D0}.Debug|Any CPU.ActiveCfg = Debug|Any CPU
		{D5C576CB-EC8F-4218-A263-F875C334A4D0}.Debug|Any CPU.Build.0 = Debug|Any CPU
		{D5C576CB-EC8F-4218-A263-F875C334A4D0}.Release|Any CPU.ActiveCfg = Release|Any CPU
		{D5C576CB-EC8F-4218-A263-F875C334A4D0}.Release|Any CPU.Build.0 = Release|Any CPU
	EndGlobalSection
	GlobalSection(SolutionProperties) = preSolution
		HideSolutionNode = FALSE
	EndGlobalSection
	GlobalSection(ExtensibilityGlobals) = postSolution
		SolutionGuid = {DB5EA014-9D19-4898-95F2-99040951166D}
	EndGlobalSection
EndGlobal
